
Microsoft Visual Studio Solution File, Format Version 12.00
# Visual Studio Version 16
VisualStudioVersion = 16.0.32630.194
MinimumVisualStudioVersion = 10.0.40219.1
Project("{FAE04EC0-301F-11D3-BF4B-00C04F79EFBC}") = "EParcial1", "EParcial1\EParcial1.csproj", "{D69A7F1B-267A-464D-B2B2-AD321B0C5015}"
EndProject
Global
	GlobalSection(SolutionConfigurationPlatforms) = preSolution
		Debug|Any CPU = Debug|Any CPU
		Release|Any CPU = Release|Any CPU
	EndGlobalSection
	GlobalSection(ProjectConfigurationPlatforms) = postSolution
		{D69A7F1B-267A-464D-B2B2-AD321B0C5015}.Debug|Any CPU.ActiveCfg = Debug|Any CPU
		{D69A7F1B-267A-464D-B2B2-AD321B0C5015}.Debug|Any CPU.Build.0 = Debug|Any CPU
		{D69A7F1B-267A-464D-B2B2-AD321B0C5015}.Release|Any CPU.ActiveCfg = Release|Any CPU
		{D69A7F1B-267A-464D-B2B2-AD321B0C5015}.Release|Any CPU.Build.0 = Release|Any CPU
	EndGlobalSection
	GlobalSection(SolutionProperties) = preSolution
		HideSolutionNode = FALSE
	EndGlobalSection
	GlobalSection(ExtensibilityGlobals) = postSolution
		SolutionGuid = {C9E60A5C-B0D8-49A0-86BF-4A25481314ED}
	EndGlobalSection
EndGlobal
